
Microsoft Visual Studio Solution File, Format Version 12.00
# Visual Studio Version 16
VisualStudioVersion = 16.0.29613.14
MinimumVisualStudioVersion = 10.0.40219.1
Project("{FAE04EC0-301F-11D3-BF4B-00C04F79EFBC}") = "RP_Web", "RP_Web\RP_Web.csproj", "{605C7344-B468-48FF-BB6B-25903B05F50C}"
EndProject
Global
	GlobalSection(SolutionConfigurationPlatforms) = preSolution
		Debug|Any CPU = Debug|Any CPU
		Release|Any CPU = Release|Any CPU
	EndGlobalSection
	GlobalSection(ProjectConfigurationPlatforms) = postSolution
		{605C7344-B468-48FF-BB6B-25903B05F50C}.Debug|Any CPU.ActiveCfg = Debug|Any CPU
		{605C7344-B468-48FF-BB6B-25903B05F50C}.Debug|Any CPU.Build.0 = Debug|Any CPU
		{605C7344-B468-48FF-BB6B-25903B05F50C}.Release|Any CPU.ActiveCfg = Release|Any CPU
		{605C7344-B468-48FF-BB6B-25903B05F50C}.Release|Any CPU.Build.0 = Release|Any CPU
	EndGlobalSection
	GlobalSection(SolutionProperties) = preSolution
		HideSolutionNode = FALSE
	EndGlobalSection
	GlobalSection(ExtensibilityGlobals) = postSolution
		SolutionGuid = {945FDB66-3A30-42C2-B2D9-D909B38415AD}
	EndGlobalSection
EndGlobal
